
Microsoft Visual Studio Solution File, Format Version 12.00
# Visual Studio Version 17
VisualStudioVersion = 17.3.32811.315
MinimumVisualStudioVersion = 10.0.40219.1
Project("{9A19103F-16F7-4668-BE54-9A1E7A4F7556}") = "CSharpBasics", "CSharpBasics\CSharpBasics.csproj", "{58C4A935-34D0-4C30-9828-A523ACB5932E}"
EndProject
Project("{FAE04EC0-301F-11D3-BF4B-00C04F79EFBC}") = "ConsoleApp", "ConsoleApp\ConsoleApp.csproj", "{57DEA130-131B-48BB-AA4C-048954830A4A}"
EndProject
Project("{FAE04EC0-301F-11D3-BF4B-00C04F79EFBC}") = "Tests", "Tests\Tests.csproj", "{4753985A-A998-41E5-9123-43976280BA99}"
EndProject
Global
	GlobalSection(SolutionConfigurationPlatforms) = preSolution
		Debug|Any CPU = Debug|Any CPU
		Release|Any CPU = Release|Any CPU
	EndGlobalSection
	GlobalSection(ProjectConfigurationPlatforms) = postSolution
		{58C4A935-34D0-4C30-9828-A523ACB5932E}.Debug|Any CPU.ActiveCfg = Debug|Any CPU
		{58C4A935-34D0-4C30-9828-A523ACB5932E}.Debug|Any CPU.Build.0 = Debug|Any CPU
		{58C4A935-34D0-4C30-9828-A523ACB5932E}.Release|Any CPU.ActiveCfg = Release|Any CPU
		{58C4A935-34D0-4C30-9828-A523ACB5932E}.Release|Any CPU.Build.0 = Release|Any CPU
		{57DEA130-131B-48BB-AA4C-048954830A4A}.Debug|Any CPU.ActiveCfg = Debug|Any CPU
		{57DEA130-131B-48BB-AA4C-048954830A4A}.Debug|Any CPU.Build.0 = Debug|Any CPU
		{57DEA130-131B-48BB-AA4C-048954830A4A}.Release|Any CPU.ActiveCfg = Release|Any CPU
		{57DEA130-131B-48BB-AA4C-048954830A4A}.Release|Any CPU.Build.0 = Release|Any CPU
		{4753985A-A998-41E5-9123-43976280BA99}.Debug|Any CPU.ActiveCfg = Debug|Any CPU
		{4753985A-A998-41E5-9123-43976280BA99}.Debug|Any CPU.Build.0 = Debug|Any CPU
		{4753985A-A998-41E5-9123-43976280BA99}.Release|Any CPU.ActiveCfg = Release|Any CPU
		{4753985A-A998-41E5-9123-43976280BA99}.Release|Any CPU.Build.0 = Release|Any CPU
	EndGlobalSection
	GlobalSection(SolutionProperties) = preSolution
		HideSolutionNode = FALSE
	EndGlobalSection
	GlobalSection(ExtensibilityGlobals) = postSolution
		SolutionGuid = {04C3CAB6-A418-48A8-A202-F5A469B39B9E}
	EndGlobalSection
EndGlobal
